
Microsoft Visual Studio Solution File, Format Version 12.00
# Visual Studio Version 17
VisualStudioVersion = 17.0.31903.59
MinimumVisualStudioVersion = 10.0.40219.1
Project("{FAE04EC0-301F-11D3-BF4B-00C04F79EFBC}") = "PrimeService", "PrimeService\PrimeService.csproj", "{C58148F3-8E41-4DF3-B380-49917CC08C43}"
EndProject
Project("{FAE04EC0-301F-11D3-BF4B-00C04F79EFBC}") = "PrimeService.Tests", "PrimeService.Tests\PrimeService.Tests.csproj", "{157F2539-6C14-44E0-822A-1C6A0FB0C487}"
EndProject
Global
	GlobalSection(SolutionConfigurationPlatforms) = preSolution
		Debug|Any CPU = Debug|Any CPU
		Release|Any CPU = Release|Any CPU
	EndGlobalSection
	GlobalSection(SolutionProperties) = preSolution
		HideSolutionNode = FALSE
	EndGlobalSection
	GlobalSection(ProjectConfigurationPlatforms) = postSolution
		{C58148F3-8E41-4DF3-B380-49917CC08C43}.Debug|Any CPU.ActiveCfg = Debug|Any CPU
		{C58148F3-8E41-4DF3-B380-49917CC08C43}.Debug|Any CPU.Build.0 = Debug|Any CPU
		{C58148F3-8E41-4DF3-B380-49917CC08C43}.Release|Any CPU.ActiveCfg = Release|Any CPU
		{C58148F3-8E41-4DF3-B380-49917CC08C43}.Release|Any CPU.Build.0 = Release|Any CPU
		{157F2539-6C14-44E0-822A-1C6A0FB0C487}.Debug|Any CPU.ActiveCfg = Debug|Any CPU
		{157F2539-6C14-44E0-822A-1C6A0FB0C487}.Debug|Any CPU.Build.0 = Debug|Any CPU
		{157F2539-6C14-44E0-822A-1C6A0FB0C487}.Release|Any CPU.ActiveCfg = Release|Any CPU
		{157F2539-6C14-44E0-822A-1C6A0FB0C487}.Release|Any CPU.Build.0 = Release|Any CPU
	EndGlobalSection
EndGlobal
